
Microsoft Visual Studio Solution File, Format Version 12.00
# Visual Studio Version 17
VisualStudioVersion = 17.10.35122.118
MinimumVisualStudioVersion = 10.0.40219.1
Project("{FAE04EC0-301F-11D3-BF4B-00C04F79EFBC}") = "DigiProject", "DigiProject\DigiProject.csproj", "{B57410A4-8538-4EC0-BF67-862BB46B6620}"
EndProject
Global
	GlobalSection(SolutionConfigurationPlatforms) = preSolution
		Debug|Any CPU = Debug|Any CPU
		Release|Any CPU = Release|Any CPU
	EndGlobalSection
	GlobalSection(ProjectConfigurationPlatforms) = postSolution
		{B57410A4-8538-4EC0-BF67-862BB46B6620}.Debug|Any CPU.ActiveCfg = Debug|Any CPU
		{B57410A4-8538-4EC0-BF67-862BB46B6620}.Debug|Any CPU.Build.0 = Debug|Any CPU
		{B57410A4-8538-4EC0-BF67-862BB46B6620}.Release|Any CPU.ActiveCfg = Release|Any CPU
		{B57410A4-8538-4EC0-BF67-862BB46B6620}.Release|Any CPU.Build.0 = Release|Any CPU
	EndGlobalSection
	GlobalSection(SolutionProperties) = preSolution
		HideSolutionNode = FALSE
	EndGlobalSection
	GlobalSection(ExtensibilityGlobals) = postSolution
		SolutionGuid = {870DF5F3-C03A-4B0F-8AA5-754D557A728D}
	EndGlobalSection
EndGlobal
